
Microsoft Visual Studio Solution File, Format Version 12.00
# Visual Studio Version 17
VisualStudioVersion = 17.2.32519.379
MinimumVisualStudioVersion = 10.0.40219.1
Project("{9A19103F-16F7-4668-BE54-9A1E7A4F7556}") = "AssemblyBrowserWindow", "AssemblyBrowserWindow\AssemblyBrowserWindow.csproj", "{5A66819E-3806-4051-90A3-F1D3268B17D0}"
EndProject
Project("{9A19103F-16F7-4668-BE54-9A1E7A4F7556}") = "AssemblyBrowserLibrary", "AssemblyBrowserLibrary\AssemblyBrowserLibrary.csproj", "{CEE93B0D-A5F1-4721-B7E2-D7E5226AB85F}"
EndProject
Project("{9A19103F-16F7-4668-BE54-9A1E7A4F7556}") = "TestClasses", "TestClasses\TestClasses.csproj", "{D493EB9A-0638-41DA-B8BD-A01A4FF2ECFC}"
EndProject
Project("{FAE04EC0-301F-11D3-BF4B-00C04F79EFBC}") = "TestProject", "TestProject\TestProject.csproj", "{B0A9CBA7-6BB1-4C07-B813-17D3B9023540}"
EndProject
Global
	GlobalSection(SolutionConfigurationPlatforms) = preSolution
		Debug|Any CPU = Debug|Any CPU
		Release|Any CPU = Release|Any CPU
	EndGlobalSection
	GlobalSection(ProjectConfigurationPlatforms) = postSolution
		{5A66819E-3806-4051-90A3-F1D3268B17D0}.Debug|Any CPU.ActiveCfg = Debug|Any CPU
		{5A66819E-3806-4051-90A3-F1D3268B17D0}.Debug|Any CPU.Build.0 = Debug|Any CPU
		{5A66819E-3806-4051-90A3-F1D3268B17D0}.Release|Any CPU.ActiveCfg = Release|Any CPU
		{5A66819E-3806-4051-90A3-F1D3268B17D0}.Release|Any CPU.Build.0 = Release|Any CPU
		{CEE93B0D-A5F1-4721-B7E2-D7E5226AB85F}.Debug|Any CPU.ActiveCfg = Debug|Any CPU
		{CEE93B0D-A5F1-4721-B7E2-D7E5226AB85F}.Debug|Any CPU.Build.0 = Debug|Any CPU
		{CEE93B0D-A5F1-4721-B7E2-D7E5226AB85F}.Release|Any CPU.ActiveCfg = Release|Any CPU
		{CEE93B0D-A5F1-4721-B7E2-D7E5226AB85F}.Release|Any CPU.Build.0 = Release|Any CPU
		{D493EB9A-0638-41DA-B8BD-A01A4FF2ECFC}.Debug|Any CPU.ActiveCfg = Debug|Any CPU
		{D493EB9A-0638-41DA-B8BD-A01A4FF2ECFC}.Debug|Any CPU.Build.0 = Debug|Any CPU
		{D493EB9A-0638-41DA-B8BD-A01A4FF2ECFC}.Release|Any CPU.ActiveCfg = Release|Any CPU
		{D493EB9A-0638-41DA-B8BD-A01A4FF2ECFC}.Release|Any CPU.Build.0 = Release|Any CPU
		{B0A9CBA7-6BB1-4C07-B813-17D3B9023540}.Debug|Any CPU.ActiveCfg = Debug|Any CPU
		{B0A9CBA7-6BB1-4C07-B813-17D3B9023540}.Debug|Any CPU.Build.0 = Debug|Any CPU
		{B0A9CBA7-6BB1-4C07-B813-17D3B9023540}.Release|Any CPU.ActiveCfg = Release|Any CPU
		{B0A9CBA7-6BB1-4C07-B813-17D3B9023540}.Release|Any CPU.Build.0 = Release|Any CPU
	EndGlobalSection
	GlobalSection(SolutionProperties) = preSolution
		HideSolutionNode = FALSE
	EndGlobalSection
	GlobalSection(ExtensibilityGlobals) = postSolution
		SolutionGuid = {06CC3C0A-B4A2-4B46-9487-165964578901}
	EndGlobalSection
EndGlobal
