
Microsoft Visual Studio Solution File, Format Version 12.00
# Visual Studio Version 17
VisualStudioVersion = 17.8.34525.116
MinimumVisualStudioVersion = 10.0.40219.1
Project("{9A19103F-16F7-4668-BE54-9A1E7A4F7556}") = "FakerProj", "FakerProj.csproj", "{D19679A3-2D59-4EF0-9447-E8C69ABEA0EA}"
EndProject
Global
	GlobalSection(SolutionConfigurationPlatforms) = preSolution
		Debug|Any CPU = Debug|Any CPU
		Release|Any CPU = Release|Any CPU
	EndGlobalSection
	GlobalSection(ProjectConfigurationPlatforms) = postSolution
		{D19679A3-2D59-4EF0-9447-E8C69ABEA0EA}.Debug|Any CPU.ActiveCfg = Debug|Any CPU
		{D19679A3-2D59-4EF0-9447-E8C69ABEA0EA}.Debug|Any CPU.Build.0 = Debug|Any CPU
		{D19679A3-2D59-4EF0-9447-E8C69ABEA0EA}.Release|Any CPU.ActiveCfg = Release|Any CPU
		{D19679A3-2D59-4EF0-9447-E8C69ABEA0EA}.Release|Any CPU.Build.0 = Release|Any CPU
	EndGlobalSection
	GlobalSection(SolutionProperties) = preSolution
		HideSolutionNode = FALSE
	EndGlobalSection
	GlobalSection(ExtensibilityGlobals) = postSolution
		SolutionGuid = {71591832-8A01-4F46-A210-24E8529CC3DF}
	EndGlobalSection
EndGlobal
